
Microsoft Visual Studio Solution File, Format Version 12.00
# Visual Studio Version 17
VisualStudioVersion = 17.3.32901.215
MinimumVisualStudioVersion = 10.0.40219.1
Project("{FAE04EC0-301F-11D3-BF4B-00C04F79EFBC}") = "for-if-else-Urun-aktarma", "for-if-else-Urun-aktarma\for-if-else-Urun-aktarma.csproj", "{DA8600A6-8FB4-430D-8943-183A6A709353}"
EndProject
Global
	GlobalSection(SolutionConfigurationPlatforms) = preSolution
		Debug|Any CPU = Debug|Any CPU
		Release|Any CPU = Release|Any CPU
	EndGlobalSection
	GlobalSection(ProjectConfigurationPlatforms) = postSolution
		{DA8600A6-8FB4-430D-8943-183A6A709353}.Debug|Any CPU.ActiveCfg = Debug|Any CPU
		{DA8600A6-8FB4-430D-8943-183A6A709353}.Debug|Any CPU.Build.0 = Debug|Any CPU
		{DA8600A6-8FB4-430D-8943-183A6A709353}.Release|Any CPU.ActiveCfg = Release|Any CPU
		{DA8600A6-8FB4-430D-8943-183A6A709353}.Release|Any CPU.Build.0 = Release|Any CPU
	EndGlobalSection
	GlobalSection(SolutionProperties) = preSolution
		HideSolutionNode = FALSE
	EndGlobalSection
	GlobalSection(ExtensibilityGlobals) = postSolution
		SolutionGuid = {E48CF2F6-EF8D-463B-A814-787EF0B1D5D4}
	EndGlobalSection
EndGlobal
